
Microsoft Visual Studio Solution File, Format Version 12.00
# Visual Studio Version 16
VisualStudioVersion = 16.0.29613.14
MinimumVisualStudioVersion = 10.0.40219.1
Project("{FAE04EC0-301F-11D3-BF4B-00C04F79EFBC}") = "Calculator", "Calculator\Calculator.csproj", "{EB07432F-5675-436D-AD03-B59D450295B9}"
EndProject
Project("{FAE04EC0-301F-11D3-BF4B-00C04F79EFBC}") = "MathLibrary", "MathLibrary\MathLibrary.csproj", "{6F934E5D-E9F3-4FFF-81B5-B35AF48FEAFE}"
EndProject
Global
	GlobalSection(SolutionConfigurationPlatforms) = preSolution
		Debug|Any CPU = Debug|Any CPU
		Release|Any CPU = Release|Any CPU
	EndGlobalSection
	GlobalSection(ProjectConfigurationPlatforms) = postSolution
		{EB07432F-5675-436D-AD03-B59D450295B9}.Debug|Any CPU.ActiveCfg = Debug|Any CPU
		{EB07432F-5675-436D-AD03-B59D450295B9}.Debug|Any CPU.Build.0 = Debug|Any CPU
		{EB07432F-5675-436D-AD03-B59D450295B9}.Release|Any CPU.ActiveCfg = Release|Any CPU
		{EB07432F-5675-436D-AD03-B59D450295B9}.Release|Any CPU.Build.0 = Release|Any CPU
		{6F934E5D-E9F3-4FFF-81B5-B35AF48FEAFE}.Debug|Any CPU.ActiveCfg = Debug|Any CPU
		{6F934E5D-E9F3-4FFF-81B5-B35AF48FEAFE}.Debug|Any CPU.Build.0 = Debug|Any CPU
		{6F934E5D-E9F3-4FFF-81B5-B35AF48FEAFE}.Release|Any CPU.ActiveCfg = Release|Any CPU
		{6F934E5D-E9F3-4FFF-81B5-B35AF48FEAFE}.Release|Any CPU.Build.0 = Release|Any CPU
	EndGlobalSection
	GlobalSection(SolutionProperties) = preSolution
		HideSolutionNode = FALSE
	EndGlobalSection
	GlobalSection(ExtensibilityGlobals) = postSolution
		SolutionGuid = {066290ED-CC10-4443-AC11-275E61A557B3}
	EndGlobalSection
EndGlobal
